
Microsoft Visual Studio Solution File, Format Version 12.00
# Visual Studio 15
VisualStudioVersion = 15.0.27004.2009
MinimumVisualStudioVersion = 10.0.40219.1
Project("{FAE04EC0-301F-11D3-BF4B-00C04F79EFBC}") = "NganHang", "NganHang\NganHang.csproj", "{F72FE403-5FF5-4D38-B72F-B8639D4B1C8D}"
EndProject
Global
	GlobalSection(SolutionConfigurationPlatforms) = preSolution
		Debug|Any CPU = Debug|Any CPU
		Release|Any CPU = Release|Any CPU
	EndGlobalSection
	GlobalSection(ProjectConfigurationPlatforms) = postSolution
		{F72FE403-5FF5-4D38-B72F-B8639D4B1C8D}.Debug|Any CPU.ActiveCfg = Debug|Any CPU
		{F72FE403-5FF5-4D38-B72F-B8639D4B1C8D}.Debug|Any CPU.Build.0 = Debug|Any CPU
		{F72FE403-5FF5-4D38-B72F-B8639D4B1C8D}.Release|Any CPU.ActiveCfg = Release|Any CPU
		{F72FE403-5FF5-4D38-B72F-B8639D4B1C8D}.Release|Any CPU.Build.0 = Release|Any CPU
	EndGlobalSection
	GlobalSection(SolutionProperties) = preSolution
		HideSolutionNode = FALSE
	EndGlobalSection
	GlobalSection(ExtensibilityGlobals) = postSolution
		SolutionGuid = {614386D1-6ADE-47CA-A83F-EC3A284CCF00}
	EndGlobalSection
EndGlobal
